
Microsoft Visual Studio Solution File, Format Version 12.00
# Visual Studio 15
VisualStudioVersion = 15.0.27130.2027
MinimumVisualStudioVersion = 10.0.40219.1
Project("{FAE04EC0-301F-11D3-BF4B-00C04F79EFBC}") = "MaerskLine-TP034179", "MaerskLine-TP034179\MaerskLine-TP034179.csproj", "{D54DCF8C-9658-4A3B-95BA-725151D4EC0B}"
EndProject
Global
	GlobalSection(SolutionConfigurationPlatforms) = preSolution
		Debug|Any CPU = Debug|Any CPU
		Release|Any CPU = Release|Any CPU
	EndGlobalSection
	GlobalSection(ProjectConfigurationPlatforms) = postSolution
		{D54DCF8C-9658-4A3B-95BA-725151D4EC0B}.Debug|Any CPU.ActiveCfg = Debug|Any CPU
		{D54DCF8C-9658-4A3B-95BA-725151D4EC0B}.Debug|Any CPU.Build.0 = Debug|Any CPU
		{D54DCF8C-9658-4A3B-95BA-725151D4EC0B}.Release|Any CPU.ActiveCfg = Release|Any CPU
		{D54DCF8C-9658-4A3B-95BA-725151D4EC0B}.Release|Any CPU.Build.0 = Release|Any CPU
	EndGlobalSection
	GlobalSection(SolutionProperties) = preSolution
		HideSolutionNode = FALSE
	EndGlobalSection
	GlobalSection(ExtensibilityGlobals) = postSolution
		SolutionGuid = {8D54220B-D1CB-4B04-B566-F78DF301C52E}
	EndGlobalSection
EndGlobal
